github.com/goloop/ai v1.2.0 h1:FDwD2pr4cU7ywYbaf4+CV2h7S9Km9EuBCYGwmzr0Tsk=
github.com/goloop/ai v1.2.0/go.mod h1:7uZ4LN96OaYwuVqrHyzjXSUTk4PV6c7fdH9OHvhAh7I=
github.com/goloop/ai v1.2.1 h1:4dmEzyqyDL9rKpmi5SYIeKcOH6v5wCNrWq7owlFX4FA=
github.com/goloop/ai v1.2.1/go.mod h1:7uZ4LN96OaYwuVqrHyzjXSUTk4PV6c7fdH9OHvhAh7I=
